
Microsoft Visual Studio Solution File, Format Version 11.00
# Visual Studio 2010
Project("{FAE04EC0-301F-11D3-BF4B-00C04F79EFBC}") = "NewsAppTouch", "NewsAppTouch\NewsAppTouch.csproj", "{7B9A9B7B-10BF-4904-8B9C-C600C4362494}"
EndProject
Global
	GlobalSection(SolutionConfigurationPlatforms) = preSolution
		Debug|iPhoneSimulator = Debug|iPhoneSimulator
		Release|iPhoneSimulator = Release|iPhoneSimulator
		Debug|iPhone = Debug|iPhone
		Release|iPhone = Release|iPhone
		Ad-Hoc|iPhone = Ad-Hoc|iPhone
		AppStore|iPhone = AppStore|iPhone
		Publish|iPhone = Publish|iPhone
	EndGlobalSection
	GlobalSection(ProjectConfigurationPlatforms) = postSolution
		{7B9A9B7B-10BF-4904-8B9C-C600C4362494}.Ad-Hoc|iPhone.ActiveCfg = Ad-Hoc|iPhone
		{7B9A9B7B-10BF-4904-8B9C-C600C4362494}.Ad-Hoc|iPhone.Build.0 = Ad-Hoc|iPhone
		{7B9A9B7B-10BF-4904-8B9C-C600C4362494}.AppStore|iPhone.ActiveCfg = AppStore|iPhone
		{7B9A9B7B-10BF-4904-8B9C-C600C4362494}.AppStore|iPhone.Build.0 = AppStore|iPhone
		{7B9A9B7B-10BF-4904-8B9C-C600C4362494}.Debug|iPhone.ActiveCfg = Debug|iPhone
		{7B9A9B7B-10BF-4904-8B9C-C600C4362494}.Debug|iPhone.Build.0 = Debug|iPhone
		{7B9A9B7B-10BF-4904-8B9C-C600C4362494}.Debug|iPhoneSimulator.ActiveCfg = Debug|iPhoneSimulator
		{7B9A9B7B-10BF-4904-8B9C-C600C4362494}.Debug|iPhoneSimulator.Build.0 = Debug|iPhoneSimulator
		{7B9A9B7B-10BF-4904-8B9C-C600C4362494}.Publish|iPhone.ActiveCfg = Publish|iPhone
		{7B9A9B7B-10BF-4904-8B9C-C600C4362494}.Publish|iPhone.Build.0 = Publish|iPhone
		{7B9A9B7B-10BF-4904-8B9C-C600C4362494}.Release|iPhone.ActiveCfg = Release|iPhone
		{7B9A9B7B-10BF-4904-8B9C-C600C4362494}.Release|iPhone.Build.0 = Release|iPhone
		{7B9A9B7B-10BF-4904-8B9C-C600C4362494}.Release|iPhoneSimulator.ActiveCfg = Release|iPhoneSimulator
		{7B9A9B7B-10BF-4904-8B9C-C600C4362494}.Release|iPhoneSimulator.Build.0 = Release|iPhoneSimulator
	EndGlobalSection
	GlobalSection(MonoDevelopProperties) = preSolution
		StartupItem = NewsAppTouch\NewsAppTouch.csproj
	EndGlobalSection
EndGlobal
